
Microsoft Visual Studio Solution File, Format Version 12.00
# Visual Studio Version 17
VisualStudioVersion = 17.0.32014.148
MinimumVisualStudioVersion = 10.0.40219.1
Project("{8BC9CEB8-8B4A-11D0-8D11-00A0C91BC942}") = "06_02", "06_02\06_02.vcxproj", "{765DF9D0-BB00-4E39-A47A-E5DD5541393B}"
EndProject
Global
	GlobalSection(SolutionConfigurationPlatforms) = preSolution
		Debug|x64 = Debug|x64
		Debug|x86 = Debug|x86
		Release|x64 = Release|x64
		Release|x86 = Release|x86
	EndGlobalSection
	GlobalSection(ProjectConfigurationPlatforms) = postSolution
		{765DF9D0-BB00-4E39-A47A-E5DD5541393B}.Debug|x64.ActiveCfg = Debug|x64
		{765DF9D0-BB00-4E39-A47A-E5DD5541393B}.Debug|x64.Build.0 = Debug|x64
		{765DF9D0-BB00-4E39-A47A-E5DD5541393B}.Debug|x86.ActiveCfg = Debug|Win32
		{765DF9D0-BB00-4E39-A47A-E5DD5541393B}.Debug|x86.Build.0 = Debug|Win32
		{765DF9D0-BB00-4E39-A47A-E5DD5541393B}.Release|x64.ActiveCfg = Release|x64
		{765DF9D0-BB00-4E39-A47A-E5DD5541393B}.Release|x64.Build.0 = Release|x64
		{765DF9D0-BB00-4E39-A47A-E5DD5541393B}.Release|x86.ActiveCfg = Release|Win32
		{765DF9D0-BB00-4E39-A47A-E5DD5541393B}.Release|x86.Build.0 = Release|Win32
	EndGlobalSection
	GlobalSection(SolutionProperties) = preSolution
		HideSolutionNode = FALSE
	EndGlobalSection
	GlobalSection(ExtensibilityGlobals) = postSolution
		SolutionGuid = {BC5DB635-AAD5-450E-A803-58CEB3A98EE7}
	EndGlobalSection
EndGlobal
